
Microsoft Visual Studio Solution File, Format Version 12.00
# Visual Studio Version 16
VisualStudioVersion = 16.0.30114.105
MinimumVisualStudioVersion = 10.0.40219.1
Project("{9A19103F-16F7-4668-BE54-9A1E7A4F7556}") = "ResultTransfer.Server", "ResultTransfer.Server\ResultTransfer.Server.csproj", "{F18AB972-91CF-4539-A24B-E7864287AA66}"
EndProject
Project("{FAE04EC0-301F-11D3-BF4B-00C04F79EFBC}") = "ResultTransfer.Client", "ResultTransfer.Client\ResultTransfer.Client.csproj", "{15CCDC2F-C693-43EC-8351-C872446EACFC}"
EndProject
Global
	GlobalSection(SolutionConfigurationPlatforms) = preSolution
		Debug|Any CPU = Debug|Any CPU
		Release|Any CPU = Release|Any CPU
	EndGlobalSection
	GlobalSection(ProjectConfigurationPlatforms) = postSolution
		{F18AB972-91CF-4539-A24B-E7864287AA66}.Debug|Any CPU.ActiveCfg = Debug|Any CPU
		{F18AB972-91CF-4539-A24B-E7864287AA66}.Debug|Any CPU.Build.0 = Debug|Any CPU
		{F18AB972-91CF-4539-A24B-E7864287AA66}.Release|Any CPU.ActiveCfg = Release|Any CPU
		{F18AB972-91CF-4539-A24B-E7864287AA66}.Release|Any CPU.Build.0 = Release|Any CPU
		{15CCDC2F-C693-43EC-8351-C872446EACFC}.Debug|Any CPU.ActiveCfg = Debug|Any CPU
		{15CCDC2F-C693-43EC-8351-C872446EACFC}.Debug|Any CPU.Build.0 = Debug|Any CPU
		{15CCDC2F-C693-43EC-8351-C872446EACFC}.Release|Any CPU.ActiveCfg = Release|Any CPU
		{15CCDC2F-C693-43EC-8351-C872446EACFC}.Release|Any CPU.Build.0 = Release|Any CPU
	EndGlobalSection
	GlobalSection(SolutionProperties) = preSolution
		HideSolutionNode = FALSE
	EndGlobalSection
	GlobalSection(ExtensibilityGlobals) = postSolution
		SolutionGuid = {D884AA60-ADDC-4AA2-B7C2-4FA153E4E49E}
	EndGlobalSection
EndGlobal
